# This file is automatically @generated by Cargo.
# It is not intended for manual editing.
[[package]]
name = "expr_tree"
version = "0.1.0"
dependencies = [
 "flatbuffers 0.6.0 (registry+https://github.com/rust-lang/crates.io-index)",
]

[[package]]
name = "flatbuffers"
version = "0.6.0"
source = "registry+https://github.com/rust-lang/crates.io-index"
dependencies = [
 "smallvec 0.6.10 (registry+https://github.com/rust-lang/crates.io-index)",
]

[[package]]
name = "smallvec"
version = "0.6.10"
source = "registry+https://github.com/rust-lang/crates.io-index"

[metadata]
"checksum flatbuffers 0.6.0 (registry+https://github.com/rust-lang/crates.io-index)" = "2fc1af59fd8248b59beb048d614a869ce211315c195f5412334e47f5b7e22726"
"checksum smallvec 0.6.10 (registry+https://github.com/rust-lang/crates.io-index)" = "ab606a9c5e214920bb66c458cd7be8ef094f813f20fe77a54cc7dbfff220d4b7"
